
Microsoft Visual Studio Solution File, Format Version 12.00
# Visual Studio Version 16
VisualStudioVersion = 16.0.29424.173
MinimumVisualStudioVersion = 10.0.40219.1
Project("{FAE04EC0-301F-11D3-BF4B-00C04F79EFBC}") = "NoonUI", "NoonUI\NoonUI.csproj", "{6147B55A-DC0D-4801-B421-C8044146F662}"
EndProject
Global
	GlobalSection(SolutionConfigurationPlatforms) = preSolution
		Debug|Any CPU = Debug|Any CPU
		Release|Any CPU = Release|Any CPU
	EndGlobalSection
	GlobalSection(ProjectConfigurationPlatforms) = postSolution
		{6147B55A-DC0D-4801-B421-C8044146F662}.Debug|Any CPU.ActiveCfg = Debug|Any CPU
		{6147B55A-DC0D-4801-B421-C8044146F662}.Debug|Any CPU.Build.0 = Debug|Any CPU
		{6147B55A-DC0D-4801-B421-C8044146F662}.Release|Any CPU.ActiveCfg = Release|Any CPU
		{6147B55A-DC0D-4801-B421-C8044146F662}.Release|Any CPU.Build.0 = Release|Any CPU
	EndGlobalSection
	GlobalSection(SolutionProperties) = preSolution
		HideSolutionNode = FALSE
	EndGlobalSection
	GlobalSection(ExtensibilityGlobals) = postSolution
		SolutionGuid = {D4B99D60-F0BE-4485-9B3D-66D9579C56F5}
	EndGlobalSection
EndGlobal
